
Microsoft Visual Studio Solution File, Format Version 12.00
# Visual Studio 15
VisualStudioVersion = 15.0.28307.271
MinimumVisualStudioVersion = 10.0.40219.1
Project("{9A19103F-16F7-4668-BE54-9A1E7A4F7556}") = "BookReader.Api", "BookReader.Api\BookReader.Api.csproj", "{C72BCF19-416D-4949-8EEC-E61281BDFE4B}"
EndProject
Project("{9A19103F-16F7-4668-BE54-9A1E7A4F7556}") = "BookReader.Application", "BookReader.Application\BookReader.Application.csproj", "{91ABB91D-758E-4577-BD5B-6F6E46CAB2DF}"
EndProject
Project("{9A19103F-16F7-4668-BE54-9A1E7A4F7556}") = "BookReader.Core", "BookReader.Core\BookReader.Core.csproj", "{03491D0F-D66D-4644-BBEB-19168E14A02F}"
EndProject
Project("{9A19103F-16F7-4668-BE54-9A1E7A4F7556}") = "BookReader.Infrastructure", "BookReader.Infrastructure\BookReader.Infrastructure.csproj", "{4C791528-DC25-4CD2-AF59-516572A66851}"
EndProject
Project("{2150E333-8FDC-42A3-9474-1A3956D46DE8}") = "Lib", "Lib", "{7644CE8F-60E0-4EE8-B3E9-63B30902BD56}"
EndProject
Project("{9A19103F-16F7-4668-BE54-9A1E7A4F7556}") = "Queries.Abstractions", "Lib\Queries.Abstractions\Queries.Abstractions.csproj", "{0C9B7623-8F51-45DD-A6D9-FC4C1EAFDED6}"
EndProject
Project("{9A19103F-16F7-4668-BE54-9A1E7A4F7556}") = "Repositories", "Lib\Repositories\Repositories.csproj", "{CFDA8C07-A573-4DD7-9457-CE64881C4C73}"
EndProject
Project("{9A19103F-16F7-4668-BE54-9A1E7A4F7556}") = "Repositories.Abstractions", "Lib\Repositories.Abstractions\Repositories.Abstractions.csproj", "{195F2864-C167-495D-9EF8-313785876BED}"
EndProject
Global
	GlobalSection(SolutionConfigurationPlatforms) = preSolution
		Debug|Any CPU = Debug|Any CPU
		Release|Any CPU = Release|Any CPU
	EndGlobalSection
	GlobalSection(ProjectConfigurationPlatforms) = postSolution
		{C72BCF19-416D-4949-8EEC-E61281BDFE4B}.Debug|Any CPU.ActiveCfg = Debug|Any CPU
		{C72BCF19-416D-4949-8EEC-E61281BDFE4B}.Debug|Any CPU.Build.0 = Debug|Any CPU
		{C72BCF19-416D-4949-8EEC-E61281BDFE4B}.Release|Any CPU.ActiveCfg = Release|Any CPU
		{C72BCF19-416D-4949-8EEC-E61281BDFE4B}.Release|Any CPU.Build.0 = Release|Any CPU
		{91ABB91D-758E-4577-BD5B-6F6E46CAB2DF}.Debug|Any CPU.ActiveCfg = Debug|Any CPU
		{91ABB91D-758E-4577-BD5B-6F6E46CAB2DF}.Debug|Any CPU.Build.0 = Debug|Any CPU
		{91ABB91D-758E-4577-BD5B-6F6E46CAB2DF}.Release|Any CPU.ActiveCfg = Release|Any CPU
		{91ABB91D-758E-4577-BD5B-6F6E46CAB2DF}.Release|Any CPU.Build.0 = Release|Any CPU
		{03491D0F-D66D-4644-BBEB-19168E14A02F}.Debug|Any CPU.ActiveCfg = Debug|Any CPU
		{03491D0F-D66D-4644-BBEB-19168E14A02F}.Debug|Any CPU.Build.0 = Debug|Any CPU
		{03491D0F-D66D-4644-BBEB-19168E14A02F}.Release|Any CPU.ActiveCfg = Release|Any CPU
		{03491D0F-D66D-4644-BBEB-19168E14A02F}.Release|Any CPU.Build.0 = Release|Any CPU
		{4C791528-DC25-4CD2-AF59-516572A66851}.Debug|Any CPU.ActiveCfg = Debug|Any CPU
		{4C791528-DC25-4CD2-AF59-516572A66851}.Debug|Any CPU.Build.0 = Debug|Any CPU
		{4C791528-DC25-4CD2-AF59-516572A66851}.Release|Any CPU.ActiveCfg = Release|Any CPU
		{4C791528-DC25-4CD2-AF59-516572A66851}.Release|Any CPU.Build.0 = Release|Any CPU
		{0C9B7623-8F51-45DD-A6D9-FC4C1EAFDED6}.Debug|Any CPU.ActiveCfg = Debug|Any CPU
		{0C9B7623-8F51-45DD-A6D9-FC4C1EAFDED6}.Debug|Any CPU.Build.0 = Debug|Any CPU
		{0C9B7623-8F51-45DD-A6D9-FC4C1EAFDED6}.Release|Any CPU.ActiveCfg = Release|Any CPU
		{0C9B7623-8F51-45DD-A6D9-FC4C1EAFDED6}.Release|Any CPU.Build.0 = Release|Any CPU
		{CFDA8C07-A573-4DD7-9457-CE64881C4C73}.Debug|Any CPU.ActiveCfg = Debug|Any CPU
		{CFDA8C07-A573-4DD7-9457-CE64881C4C73}.Debug|Any CPU.Build.0 = Debug|Any CPU
		{CFDA8C07-A573-4DD7-9457-CE64881C4C73}.Release|Any CPU.ActiveCfg = Release|Any CPU
		{CFDA8C07-A573-4DD7-9457-CE64881C4C73}.Release|Any CPU.Build.0 = Release|Any CPU
		{195F2864-C167-495D-9EF8-313785876BED}.Debug|Any CPU.ActiveCfg = Debug|Any CPU
		{195F2864-C167-495D-9EF8-313785876BED}.Debug|Any CPU.Build.0 = Debug|Any CPU
		{195F2864-C167-495D-9EF8-313785876BED}.Release|Any CPU.ActiveCfg = Release|Any CPU
		{195F2864-C167-495D-9EF8-313785876BED}.Release|Any CPU.Build.0 = Release|Any CPU
	EndGlobalSection
	GlobalSection(SolutionProperties) = preSolution
		HideSolutionNode = FALSE
	EndGlobalSection
	GlobalSection(NestedProjects) = preSolution
		{0C9B7623-8F51-45DD-A6D9-FC4C1EAFDED6} = {7644CE8F-60E0-4EE8-B3E9-63B30902BD56}
		{CFDA8C07-A573-4DD7-9457-CE64881C4C73} = {7644CE8F-60E0-4EE8-B3E9-63B30902BD56}
		{195F2864-C167-495D-9EF8-313785876BED} = {7644CE8F-60E0-4EE8-B3E9-63B30902BD56}
	EndGlobalSection
	GlobalSection(ExtensibilityGlobals) = postSolution
		SolutionGuid = {AC599CD6-9E19-4CCA-9B47-B3A64D29C026}
	EndGlobalSection
EndGlobal
